
Microsoft Visual Studio Solution File, Format Version 12.00
# Visual Studio 15
VisualStudioVersion = 15.0.27428.2027
MinimumVisualStudioVersion = 10.0.40219.1
Project("{FAE04EC0-301F-11D3-BF4B-00C04F79EFBC}") = "MessageConsumer", "MessageConsumer\MessageConsumer.csproj", "{0B9A44F9-90D2-4648-91E5-4125443CB632}"
EndProject
Project("{FAE04EC0-301F-11D3-BF4B-00C04F79EFBC}") = "MessageConsumer.Tests", "tests\Siognalr.Tests\MessageConsumer.Tests.csproj", "{F0A2D1F0-2F34-4978-95B9-41276CFF6EB0}"
EndProject
Project("{FAE04EC0-301F-11D3-BF4B-00C04F79EFBC}") = "MessageConsumer.Domain.Core", "MessageConsumer.Domain.Core\MessageConsumer.Domain.Core.csproj", "{1339F181-E4C3-433B-8720-BCA5E9CBCAD2}"
EndProject
Project("{FAE04EC0-301F-11D3-BF4B-00C04F79EFBC}") = "MessageConsumer.Domain.Interfaces", "MessageConsumer.Domain.Interfaces\MessageConsumer.Domain.Interfaces.csproj", "{16A0EB13-7C00-4622-9FE2-8D26D0F2C8F4}"
EndProject
Project("{FAE04EC0-301F-11D3-BF4B-00C04F79EFBC}") = "MessageConsumer.Services.Interfaces", "MessageConsumer.Services.Interfaces\MessageConsumer.Services.Interfaces.csproj", "{9917AC35-63A7-427D-B71E-EFD0F0B81731}"
EndProject
Project("{FAE04EC0-301F-11D3-BF4B-00C04F79EFBC}") = "MessageConsumer.Entities", "MessageConsumer.Entities\MessageConsumer.Entities.csproj", "{3D5D367F-88F2-42A0-A6FA-61C7353D043B}"
EndProject
Project("{FAE04EC0-301F-11D3-BF4B-00C04F79EFBC}") = "MessageConsumer.Utils.Interfaces", "MessageConsumer.Utils.Interfaces\MessageConsumer.Utils.Interfaces.csproj", "{38C25335-D17F-44C8-89E5-E309AA07823E}"
EndProject
Project("{FAE04EC0-301F-11D3-BF4B-00C04F79EFBC}") = "MessageConsumer.Utils", "MessageConsumer.Utils\MessageConsumer.Utils.csproj", "{634965D5-A375-45D4-8DB1-941BC4692200}"
EndProject
Project("{2150E333-8FDC-42A3-9474-1A3956D46DE8}") = "Domain", "Domain", "{4339C522-A3C3-4625-8614-AEB937A32177}"
EndProject
Project("{2150E333-8FDC-42A3-9474-1A3956D46DE8}") = "Infrastructure", "Infrastructure", "{CB70AEA0-A9F2-4E85-B86C-72EEEDA3C4B5}"
EndProject
Project("{2150E333-8FDC-42A3-9474-1A3956D46DE8}") = "Utils", "Utils", "{39159998-9F26-49A7-A73F-A36E6A5F8565}"
EndProject
Project("{FAE04EC0-301F-11D3-BF4B-00C04F79EFBC}") = "MessageConsumer.Infrastructure.Business", "MessageConsumer.Infrastructure.Business\MessageConsumer.Infrastructure.Business.csproj", "{54943268-F8ED-497A-8D57-D737B1E50698}"
EndProject
Project("{FAE04EC0-301F-11D3-BF4B-00C04F79EFBC}") = "MessageConsumer.Infrastructure.Data", "MessageConsumer.Infrastructure.Data\MessageConsumer.Infrastructure.Data.csproj", "{9FFA5A2A-4B06-43B5-BF55-607608C3A39C}"
EndProject
Project("{2150E333-8FDC-42A3-9474-1A3956D46DE8}") = "Services", "Services", "{6BB4AE02-248F-4C56-86F7-29A292F0DB91}"
EndProject
Project("{2150E333-8FDC-42A3-9474-1A3956D46DE8}") = "Entities", "Entities", "{01D80460-AA55-4204-AD51-4EB3ABC68E47}"
EndProject
Project("{2150E333-8FDC-42A3-9474-1A3956D46DE8}") = "Tests", "Tests", "{2DA445E1-3DD7-40B3-87AD-F2EE442F7658}"
EndProject
Global
	GlobalSection(SolutionConfigurationPlatforms) = preSolution
		Debug|Any CPU = Debug|Any CPU
		Release|Any CPU = Release|Any CPU
	EndGlobalSection
	GlobalSection(ProjectConfigurationPlatforms) = postSolution
		{0B9A44F9-90D2-4648-91E5-4125443CB632}.Debug|Any CPU.ActiveCfg = Debug|Any CPU
		{0B9A44F9-90D2-4648-91E5-4125443CB632}.Debug|Any CPU.Build.0 = Debug|Any CPU
		{0B9A44F9-90D2-4648-91E5-4125443CB632}.Release|Any CPU.ActiveCfg = Release|Any CPU
		{0B9A44F9-90D2-4648-91E5-4125443CB632}.Release|Any CPU.Build.0 = Release|Any CPU
		{F0A2D1F0-2F34-4978-95B9-41276CFF6EB0}.Debug|Any CPU.ActiveCfg = Debug|Any CPU
		{F0A2D1F0-2F34-4978-95B9-41276CFF6EB0}.Debug|Any CPU.Build.0 = Debug|Any CPU
		{F0A2D1F0-2F34-4978-95B9-41276CFF6EB0}.Release|Any CPU.ActiveCfg = Release|Any CPU
		{F0A2D1F0-2F34-4978-95B9-41276CFF6EB0}.Release|Any CPU.Build.0 = Release|Any CPU
		{1339F181-E4C3-433B-8720-BCA5E9CBCAD2}.Debug|Any CPU.ActiveCfg = Debug|Any CPU
		{1339F181-E4C3-433B-8720-BCA5E9CBCAD2}.Debug|Any CPU.Build.0 = Debug|Any CPU
		{1339F181-E4C3-433B-8720-BCA5E9CBCAD2}.Release|Any CPU.ActiveCfg = Release|Any CPU
		{1339F181-E4C3-433B-8720-BCA5E9CBCAD2}.Release|Any CPU.Build.0 = Release|Any CPU
		{16A0EB13-7C00-4622-9FE2-8D26D0F2C8F4}.Debug|Any CPU.ActiveCfg = Debug|Any CPU
		{16A0EB13-7C00-4622-9FE2-8D26D0F2C8F4}.Debug|Any CPU.Build.0 = Debug|Any CPU
		{16A0EB13-7C00-4622-9FE2-8D26D0F2C8F4}.Release|Any CPU.ActiveCfg = Release|Any CPU
		{16A0EB13-7C00-4622-9FE2-8D26D0F2C8F4}.Release|Any CPU.Build.0 = Release|Any CPU
		{9917AC35-63A7-427D-B71E-EFD0F0B81731}.Debug|Any CPU.ActiveCfg = Debug|Any CPU
		{9917AC35-63A7-427D-B71E-EFD0F0B81731}.Debug|Any CPU.Build.0 = Debug|Any CPU
		{9917AC35-63A7-427D-B71E-EFD0F0B81731}.Release|Any CPU.ActiveCfg = Release|Any CPU
		{9917AC35-63A7-427D-B71E-EFD0F0B81731}.Release|Any CPU.Build.0 = Release|Any CPU
		{3D5D367F-88F2-42A0-A6FA-61C7353D043B}.Debug|Any CPU.ActiveCfg = Debug|Any CPU
		{3D5D367F-88F2-42A0-A6FA-61C7353D043B}.Debug|Any CPU.Build.0 = Debug|Any CPU
		{3D5D367F-88F2-42A0-A6FA-61C7353D043B}.Release|Any CPU.ActiveCfg = Release|Any CPU
		{3D5D367F-88F2-42A0-A6FA-61C7353D043B}.Release|Any CPU.Build.0 = Release|Any CPU
		{38C25335-D17F-44C8-89E5-E309AA07823E}.Debug|Any CPU.ActiveCfg = Debug|Any CPU
		{38C25335-D17F-44C8-89E5-E309AA07823E}.Debug|Any CPU.Build.0 = Debug|Any CPU
		{38C25335-D17F-44C8-89E5-E309AA07823E}.Release|Any CPU.ActiveCfg = Release|Any CPU
		{38C25335-D17F-44C8-89E5-E309AA07823E}.Release|Any CPU.Build.0 = Release|Any CPU
		{634965D5-A375-45D4-8DB1-941BC4692200}.Debug|Any CPU.ActiveCfg = Debug|Any CPU
		{634965D5-A375-45D4-8DB1-941BC4692200}.Debug|Any CPU.Build.0 = Debug|Any CPU
		{634965D5-A375-45D4-8DB1-941BC4692200}.Release|Any CPU.ActiveCfg = Release|Any CPU
		{634965D5-A375-45D4-8DB1-941BC4692200}.Release|Any CPU.Build.0 = Release|Any CPU
		{54943268-F8ED-497A-8D57-D737B1E50698}.Debug|Any CPU.ActiveCfg = Debug|Any CPU
		{54943268-F8ED-497A-8D57-D737B1E50698}.Debug|Any CPU.Build.0 = Debug|Any CPU
		{54943268-F8ED-497A-8D57-D737B1E50698}.Release|Any CPU.ActiveCfg = Release|Any CPU
		{54943268-F8ED-497A-8D57-D737B1E50698}.Release|Any CPU.Build.0 = Release|Any CPU
		{9FFA5A2A-4B06-43B5-BF55-607608C3A39C}.Debug|Any CPU.ActiveCfg = Debug|Any CPU
		{9FFA5A2A-4B06-43B5-BF55-607608C3A39C}.Debug|Any CPU.Build.0 = Debug|Any CPU
		{9FFA5A2A-4B06-43B5-BF55-607608C3A39C}.Release|Any CPU.ActiveCfg = Release|Any CPU
		{9FFA5A2A-4B06-43B5-BF55-607608C3A39C}.Release|Any CPU.Build.0 = Release|Any CPU
	EndGlobalSection
	GlobalSection(SolutionProperties) = preSolution
		HideSolutionNode = FALSE
	EndGlobalSection
	GlobalSection(NestedProjects) = preSolution
		{F0A2D1F0-2F34-4978-95B9-41276CFF6EB0} = {2DA445E1-3DD7-40B3-87AD-F2EE442F7658}
		{1339F181-E4C3-433B-8720-BCA5E9CBCAD2} = {4339C522-A3C3-4625-8614-AEB937A32177}
		{16A0EB13-7C00-4622-9FE2-8D26D0F2C8F4} = {4339C522-A3C3-4625-8614-AEB937A32177}
		{9917AC35-63A7-427D-B71E-EFD0F0B81731} = {6BB4AE02-248F-4C56-86F7-29A292F0DB91}
		{3D5D367F-88F2-42A0-A6FA-61C7353D043B} = {01D80460-AA55-4204-AD51-4EB3ABC68E47}
		{38C25335-D17F-44C8-89E5-E309AA07823E} = {39159998-9F26-49A7-A73F-A36E6A5F8565}
		{634965D5-A375-45D4-8DB1-941BC4692200} = {39159998-9F26-49A7-A73F-A36E6A5F8565}
		{54943268-F8ED-497A-8D57-D737B1E50698} = {CB70AEA0-A9F2-4E85-B86C-72EEEDA3C4B5}
		{9FFA5A2A-4B06-43B5-BF55-607608C3A39C} = {CB70AEA0-A9F2-4E85-B86C-72EEEDA3C4B5}
	EndGlobalSection
	GlobalSection(ExtensibilityGlobals) = postSolution
		SolutionGuid = {E4CE8570-560B-4E2F-B654-EE7F0D46570B}
	EndGlobalSection
EndGlobal
